
Microsoft Visual Studio Solution File, Format Version 12.00
# Visual Studio Version 17
VisualStudioVersion = 17.0.31903.59
MinimumVisualStudioVersion = 10.0.40219.1
Project("{2150E333-8FDC-42A3-9474-1A3956D46DE8}") = "src", "src", "{827E0CD3-B72D-47B6-A68D-7590B98EB39B}"
EndProject
Project("{FAE04EC0-301F-11D3-BF4B-00C04F79EFBC}") = "MechanicShop.Api", "src\MechanicShop.Api\MechanicShop.Api.csproj", "{BB8ED76C-91C1-44AC-938D-7F4B1436C99D}"
EndProject
Project("{FAE04EC0-301F-11D3-BF4B-00C04F79EFBC}") = "MechanicShop.Application", "src\MechanicShop.Application\MechanicShop.Application.csproj", "{C4E9134C-BC10-4DE0-AF43-F717BF68F757}"
EndProject
Project("{FAE04EC0-301F-11D3-BF4B-00C04F79EFBC}") = "MechanicShop.Domain", "src\MechanicShop.Domain\MechanicShop.Domain.csproj", "{912011C6-9B6F-459E-A8BF-C3F5372BD7EC}"
EndProject
Project("{FAE04EC0-301F-11D3-BF4B-00C04F79EFBC}") = "MechanicShop.Infrastructure", "src\MechanicShop.Infrastructure\MechanicShop.Infrastructure.csproj", "{F1EC36BE-7652-408C-9FF1-7E7265DEDDCC}"
EndProject
Global
	GlobalSection(SolutionConfigurationPlatforms) = preSolution
		Debug|Any CPU = Debug|Any CPU
		Debug|x64 = Debug|x64
		Debug|x86 = Debug|x86
		Release|Any CPU = Release|Any CPU
		Release|x64 = Release|x64
		Release|x86 = Release|x86
	EndGlobalSection
	GlobalSection(ProjectConfigurationPlatforms) = postSolution
		{BB8ED76C-91C1-44AC-938D-7F4B1436C99D}.Debug|Any CPU.ActiveCfg = Debug|Any CPU
		{BB8ED76C-91C1-44AC-938D-7F4B1436C99D}.Debug|Any CPU.Build.0 = Debug|Any CPU
		{BB8ED76C-91C1-44AC-938D-7F4B1436C99D}.Debug|x64.ActiveCfg = Debug|Any CPU
		{BB8ED76C-91C1-44AC-938D-7F4B1436C99D}.Debug|x64.Build.0 = Debug|Any CPU
		{BB8ED76C-91C1-44AC-938D-7F4B1436C99D}.Debug|x86.ActiveCfg = Debug|Any CPU
		{BB8ED76C-91C1-44AC-938D-7F4B1436C99D}.Debug|x86.Build.0 = Debug|Any CPU
		{BB8ED76C-91C1-44AC-938D-7F4B1436C99D}.Release|Any CPU.ActiveCfg = Release|Any CPU
		{BB8ED76C-91C1-44AC-938D-7F4B1436C99D}.Release|Any CPU.Build.0 = Release|Any CPU
		{BB8ED76C-91C1-44AC-938D-7F4B1436C99D}.Release|x64.ActiveCfg = Release|Any CPU
		{BB8ED76C-91C1-44AC-938D-7F4B1436C99D}.Release|x64.Build.0 = Release|Any CPU
		{BB8ED76C-91C1-44AC-938D-7F4B1436C99D}.Release|x86.ActiveCfg = Release|Any CPU
		{BB8ED76C-91C1-44AC-938D-7F4B1436C99D}.Release|x86.Build.0 = Release|Any CPU
		{C4E9134C-BC10-4DE0-AF43-F717BF68F757}.Debug|Any CPU.ActiveCfg = Debug|Any CPU
		{C4E9134C-BC10-4DE0-AF43-F717BF68F757}.Debug|Any CPU.Build.0 = Debug|Any CPU
		{C4E9134C-BC10-4DE0-AF43-F717BF68F757}.Debug|x64.ActiveCfg = Debug|Any CPU
		{C4E9134C-BC10-4DE0-AF43-F717BF68F757}.Debug|x64.Build.0 = Debug|Any CPU
		{C4E9134C-BC10-4DE0-AF43-F717BF68F757}.Debug|x86.ActiveCfg = Debug|Any CPU
		{C4E9134C-BC10-4DE0-AF43-F717BF68F757}.Debug|x86.Build.0 = Debug|Any CPU
		{C4E9134C-BC10-4DE0-AF43-F717BF68F757}.Release|Any CPU.ActiveCfg = Release|Any CPU
		{C4E9134C-BC10-4DE0-AF43-F717BF68F757}.Release|Any CPU.Build.0 = Release|Any CPU
		{C4E9134C-BC10-4DE0-AF43-F717BF68F757}.Release|x64.ActiveCfg = Release|Any CPU
		{C4E9134C-BC10-4DE0-AF43-F717BF68F757}.Release|x64.Build.0 = Release|Any CPU
		{C4E9134C-BC10-4DE0-AF43-F717BF68F757}.Release|x86.ActiveCfg = Release|Any CPU
		{C4E9134C-BC10-4DE0-AF43-F717BF68F757}.Release|x86.Build.0 = Release|Any CPU
		{912011C6-9B6F-459E-A8BF-C3F5372BD7EC}.Debug|Any CPU.ActiveCfg = Debug|Any CPU
		{912011C6-9B6F-459E-A8BF-C3F5372BD7EC}.Debug|Any CPU.Build.0 = Debug|Any CPU
		{912011C6-9B6F-459E-A8BF-C3F5372BD7EC}.Debug|x64.ActiveCfg = Debug|Any CPU
		{912011C6-9B6F-459E-A8BF-C3F5372BD7EC}.Debug|x64.Build.0 = Debug|Any CPU
		{912011C6-9B6F-459E-A8BF-C3F5372BD7EC}.Debug|x86.ActiveCfg = Debug|Any CPU
		{912011C6-9B6F-459E-A8BF-C3F5372BD7EC}.Debug|x86.Build.0 = Debug|Any CPU
		{912011C6-9B6F-459E-A8BF-C3F5372BD7EC}.Release|Any CPU.ActiveCfg = Release|Any CPU
		{912011C6-9B6F-459E-A8BF-C3F5372BD7EC}.Release|Any CPU.Build.0 = Release|Any CPU
		{912011C6-9B6F-459E-A8BF-C3F5372BD7EC}.Release|x64.ActiveCfg = Release|Any CPU
		{912011C6-9B6F-459E-A8BF-C3F5372BD7EC}.Release|x64.Build.0 = Release|Any CPU
		{912011C6-9B6F-459E-A8BF-C3F5372BD7EC}.Release|x86.ActiveCfg = Release|Any CPU
		{912011C6-9B6F-459E-A8BF-C3F5372BD7EC}.Release|x86.Build.0 = Release|Any CPU
		{F1EC36BE-7652-408C-9FF1-7E7265DEDDCC}.Debug|Any CPU.ActiveCfg = Debug|Any CPU
		{F1EC36BE-7652-408C-9FF1-7E7265DEDDCC}.Debug|Any CPU.Build.0 = Debug|Any CPU
		{F1EC36BE-7652-408C-9FF1-7E7265DEDDCC}.Debug|x64.ActiveCfg = Debug|Any CPU
		{F1EC36BE-7652-408C-9FF1-7E7265DEDDCC}.Debug|x64.Build.0 = Debug|Any CPU
		{F1EC36BE-7652-408C-9FF1-7E7265DEDDCC}.Debug|x86.ActiveCfg = Debug|Any CPU
		{F1EC36BE-7652-408C-9FF1-7E7265DEDDCC}.Debug|x86.Build.0 = Debug|Any CPU
		{F1EC36BE-7652-408C-9FF1-7E7265DEDDCC}.Release|Any CPU.ActiveCfg = Release|Any CPU
		{F1EC36BE-7652-408C-9FF1-7E7265DEDDCC}.Release|Any CPU.Build.0 = Release|Any CPU
		{F1EC36BE-7652-408C-9FF1-7E7265DEDDCC}.Release|x64.ActiveCfg = Release|Any CPU
		{F1EC36BE-7652-408C-9FF1-7E7265DEDDCC}.Release|x64.Build.0 = Release|Any CPU
		{F1EC36BE-7652-408C-9FF1-7E7265DEDDCC}.Release|x86.ActiveCfg = Release|Any CPU
		{F1EC36BE-7652-408C-9FF1-7E7265DEDDCC}.Release|x86.Build.0 = Release|Any CPU
	EndGlobalSection
	GlobalSection(SolutionProperties) = preSolution
		HideSolutionNode = FALSE
	EndGlobalSection
	GlobalSection(NestedProjects) = preSolution
		{BB8ED76C-91C1-44AC-938D-7F4B1436C99D} = {827E0CD3-B72D-47B6-A68D-7590B98EB39B}
		{C4E9134C-BC10-4DE0-AF43-F717BF68F757} = {827E0CD3-B72D-47B6-A68D-7590B98EB39B}
		{912011C6-9B6F-459E-A8BF-C3F5372BD7EC} = {827E0CD3-B72D-47B6-A68D-7590B98EB39B}
		{F1EC36BE-7652-408C-9FF1-7E7265DEDDCC} = {827E0CD3-B72D-47B6-A68D-7590B98EB39B}
	EndGlobalSection
EndGlobal
